
Microsoft Visual Studio Solution File, Format Version 12.00
# Visual Studio 15
VisualStudioVersion = 15.0.28307.421
MinimumVisualStudioVersion = 10.0.40219.1
Project("{9A19103F-16F7-4668-BE54-9A1E7A4F7556}") = "SimpleArraySum", "SimpleArraySum\SimpleArraySum.csproj", "{4FB8B950-E814-4090-BBAD-168C874D4820}"
EndProject
Project("{9A19103F-16F7-4668-BE54-9A1E7A4F7556}") = "CompareTheTriplets", "CompareTheTriplets\CompareTheTriplets.csproj", "{75F087EE-9294-45EE-BC98-D93C28953F29}"
EndProject
Project("{9A19103F-16F7-4668-BE54-9A1E7A4F7556}") = "VeryBigSum", "VeryBigSum\VeryBigSum.csproj", "{2E109CD2-B55F-46CE-99D1-A185144FDA71}"
EndProject
Project("{9A19103F-16F7-4668-BE54-9A1E7A4F7556}") = "SumMatrixDiagonals", "SumMatrixDiagonals\SumMatrixDiagonals.csproj", "{04CF80E5-A4D7-47D8-8053-2931F5F2717A}"
EndProject
Project("{9A19103F-16F7-4668-BE54-9A1E7A4F7556}") = "Franctions", "Franctions\Franctions.csproj", "{14C1B068-6EE6-449E-BCE7-6C8A87422A9C}"
EndProject
Project("{9A19103F-16F7-4668-BE54-9A1E7A4F7556}") = "Stairs", "Stairs\Stairs.csproj", "{4A48DB9E-CEDC-4C5E-9B35-E40F29E53312}"
EndProject
Project("{9A19103F-16F7-4668-BE54-9A1E7A4F7556}") = "BirthdayCake", "BirthdayCake\BirthdayCake.csproj", "{93D71BD7-7AA3-4909-BCA9-9AB23DCCEABD}"
EndProject
Project("{9A19103F-16F7-4668-BE54-9A1E7A4F7556}") = "DateTime", "DateTime\DateTime.csproj", "{72400A52-7786-4492-89BC-724FCF1588AC}"
EndProject
Project("{9A19103F-16F7-4668-BE54-9A1E7A4F7556}") = "AppleAndOrange", "AppleAndOrange\AppleAndOrange.csproj", "{54C0C1DE-FDE0-484F-91D4-305D543586E6}"
EndProject
Project("{9A19103F-16F7-4668-BE54-9A1E7A4F7556}") = "Kangoroo", "Kangoroo\Kangoroo.csproj", "{0DD78299-330D-4D36-BD20-B0D9325A73CC}"
EndProject
Project("{FAE04EC0-301F-11D3-BF4B-00C04F79EFBC}") = "Between Two Sets", "Between Two Sets\Between Two Sets.csproj", "{DEA7424C-C681-4213-A54C-370980AEA201}"
EndProject
Global
	GlobalSection(SolutionConfigurationPlatforms) = preSolution
		Debug|Any CPU = Debug|Any CPU
		Release|Any CPU = Release|Any CPU
	EndGlobalSection
	GlobalSection(ProjectConfigurationPlatforms) = postSolution
		{4FB8B950-E814-4090-BBAD-168C874D4820}.Debug|Any CPU.ActiveCfg = Debug|Any CPU
		{4FB8B950-E814-4090-BBAD-168C874D4820}.Debug|Any CPU.Build.0 = Debug|Any CPU
		{4FB8B950-E814-4090-BBAD-168C874D4820}.Release|Any CPU.ActiveCfg = Release|Any CPU
		{4FB8B950-E814-4090-BBAD-168C874D4820}.Release|Any CPU.Build.0 = Release|Any CPU
		{75F087EE-9294-45EE-BC98-D93C28953F29}.Debug|Any CPU.ActiveCfg = Debug|Any CPU
		{75F087EE-9294-45EE-BC98-D93C28953F29}.Debug|Any CPU.Build.0 = Debug|Any CPU
		{75F087EE-9294-45EE-BC98-D93C28953F29}.Release|Any CPU.ActiveCfg = Release|Any CPU
		{75F087EE-9294-45EE-BC98-D93C28953F29}.Release|Any CPU.Build.0 = Release|Any CPU
		{2E109CD2-B55F-46CE-99D1-A185144FDA71}.Debug|Any CPU.ActiveCfg = Debug|Any CPU
		{2E109CD2-B55F-46CE-99D1-A185144FDA71}.Debug|Any CPU.Build.0 = Debug|Any CPU
		{2E109CD2-B55F-46CE-99D1-A185144FDA71}.Release|Any CPU.ActiveCfg = Release|Any CPU
		{2E109CD2-B55F-46CE-99D1-A185144FDA71}.Release|Any CPU.Build.0 = Release|Any CPU
		{04CF80E5-A4D7-47D8-8053-2931F5F2717A}.Debug|Any CPU.ActiveCfg = Debug|Any CPU
		{04CF80E5-A4D7-47D8-8053-2931F5F2717A}.Debug|Any CPU.Build.0 = Debug|Any CPU
		{04CF80E5-A4D7-47D8-8053-2931F5F2717A}.Release|Any CPU.ActiveCfg = Release|Any CPU
		{04CF80E5-A4D7-47D8-8053-2931F5F2717A}.Release|Any CPU.Build.0 = Release|Any CPU
		{14C1B068-6EE6-449E-BCE7-6C8A87422A9C}.Debug|Any CPU.ActiveCfg = Debug|Any CPU
		{14C1B068-6EE6-449E-BCE7-6C8A87422A9C}.Debug|Any CPU.Build.0 = Debug|Any CPU
		{14C1B068-6EE6-449E-BCE7-6C8A87422A9C}.Release|Any CPU.ActiveCfg = Release|Any CPU
		{14C1B068-6EE6-449E-BCE7-6C8A87422A9C}.Release|Any CPU.Build.0 = Release|Any CPU
		{4A48DB9E-CEDC-4C5E-9B35-E40F29E53312}.Debug|Any CPU.ActiveCfg = Debug|Any CPU
		{4A48DB9E-CEDC-4C5E-9B35-E40F29E53312}.Debug|Any CPU.Build.0 = Debug|Any CPU
		{4A48DB9E-CEDC-4C5E-9B35-E40F29E53312}.Release|Any CPU.ActiveCfg = Release|Any CPU
		{4A48DB9E-CEDC-4C5E-9B35-E40F29E53312}.Release|Any CPU.Build.0 = Release|Any CPU
		{93D71BD7-7AA3-4909-BCA9-9AB23DCCEABD}.Debug|Any CPU.ActiveCfg = Debug|Any CPU
		{93D71BD7-7AA3-4909-BCA9-9AB23DCCEABD}.Debug|Any CPU.Build.0 = Debug|Any CPU
		{93D71BD7-7AA3-4909-BCA9-9AB23DCCEABD}.Release|Any CPU.ActiveCfg = Release|Any CPU
		{93D71BD7-7AA3-4909-BCA9-9AB23DCCEABD}.Release|Any CPU.Build.0 = Release|Any CPU
		{72400A52-7786-4492-89BC-724FCF1588AC}.Debug|Any CPU.ActiveCfg = Debug|Any CPU
		{72400A52-7786-4492-89BC-724FCF1588AC}.Debug|Any CPU.Build.0 = Debug|Any CPU
		{72400A52-7786-4492-89BC-724FCF1588AC}.Release|Any CPU.ActiveCfg = Release|Any CPU
		{72400A52-7786-4492-89BC-724FCF1588AC}.Release|Any CPU.Build.0 = Release|Any CPU
		{54C0C1DE-FDE0-484F-91D4-305D543586E6}.Debug|Any CPU.ActiveCfg = Debug|Any CPU
		{54C0C1DE-FDE0-484F-91D4-305D543586E6}.Debug|Any CPU.Build.0 = Debug|Any CPU
		{54C0C1DE-FDE0-484F-91D4-305D543586E6}.Release|Any CPU.ActiveCfg = Release|Any CPU
		{54C0C1DE-FDE0-484F-91D4-305D543586E6}.Release|Any CPU.Build.0 = Release|Any CPU
		{0DD78299-330D-4D36-BD20-B0D9325A73CC}.Debug|Any CPU.ActiveCfg = Debug|Any CPU
		{0DD78299-330D-4D36-BD20-B0D9325A73CC}.Debug|Any CPU.Build.0 = Debug|Any CPU
		{0DD78299-330D-4D36-BD20-B0D9325A73CC}.Release|Any CPU.ActiveCfg = Release|Any CPU
		{0DD78299-330D-4D36-BD20-B0D9325A73CC}.Release|Any CPU.Build.0 = Release|Any CPU
		{DEA7424C-C681-4213-A54C-370980AEA201}.Debug|Any CPU.ActiveCfg = Debug|Any CPU
		{DEA7424C-C681-4213-A54C-370980AEA201}.Debug|Any CPU.Build.0 = Debug|Any CPU
		{DEA7424C-C681-4213-A54C-370980AEA201}.Release|Any CPU.ActiveCfg = Release|Any CPU
		{DEA7424C-C681-4213-A54C-370980AEA201}.Release|Any CPU.Build.0 = Release|Any CPU
	EndGlobalSection
	GlobalSection(SolutionProperties) = preSolution
		HideSolutionNode = FALSE
	EndGlobalSection
	GlobalSection(ExtensibilityGlobals) = postSolution
		SolutionGuid = {E0259DCB-7ADE-445A-9D5E-602164826B00}
	EndGlobalSection
EndGlobal
